
Microsoft Visual Studio Solution File, Format Version 12.00
# Visual Studio 2015
Project("{FAE04EC0-301F-11D3-BF4B-00C04F79EFBC}") = "DeepQwerty.CSharp", "DeepQwerty.CSharp.csproj", "{179A73A8-D035-C2FB-5C31-FB8226F62025}"
EndProject
Project("{FAE04EC0-301F-11D3-BF4B-00C04F79EFBC}") = "DeepQwerty.CSharp.Editor", "DeepQwerty.CSharp.Editor.csproj", "{C901F018-5B5B-A54A-F832-37714DF29740}"
EndProject
Global
	GlobalSection(SolutionConfigurationPlatforms) = preSolution
		Debug|Any CPU = Debug|Any CPU
		Release|Any CPU = Release|Any CPU
	EndGlobalSection
	GlobalSection(ProjectConfigurationPlatforms) = postSolution
		{179A73A8-D035-C2FB-5C31-FB8226F62025}.Debug|Any CPU.ActiveCfg = Debug|Any CPU
		{179A73A8-D035-C2FB-5C31-FB8226F62025}.Debug|Any CPU.Build.0 = Debug|Any CPU
		{179A73A8-D035-C2FB-5C31-FB8226F62025}.Release|Any CPU.ActiveCfg = Release|Any CPU
		{179A73A8-D035-C2FB-5C31-FB8226F62025}.Release|Any CPU.Build.0 = Release|Any CPU
		{C901F018-5B5B-A54A-F832-37714DF29740}.Debug|Any CPU.ActiveCfg = Debug|Any CPU
		{C901F018-5B5B-A54A-F832-37714DF29740}.Debug|Any CPU.Build.0 = Debug|Any CPU
		{C901F018-5B5B-A54A-F832-37714DF29740}.Release|Any CPU.ActiveCfg = Release|Any CPU
		{C901F018-5B5B-A54A-F832-37714DF29740}.Release|Any CPU.Build.0 = Release|Any CPU
	EndGlobalSection
	GlobalSection(SolutionProperties) = preSolution
		HideSolutionNode = FALSE
	EndGlobalSection
EndGlobal
